
Microsoft Visual Studio Solution File, Format Version 12.00
# Visual Studio Version 17
VisualStudioVersion = 17.4.33122.133
MinimumVisualStudioVersion = 10.0.40219.1
Project("{FAE04EC0-301F-11D3-BF4B-00C04F79EFBC}") = "Rästitentti2T1", "Rästitentti2T1\Rästitentti2T1.csproj", "{4F9DFE19-ADFF-46EF-8FF8-7BBC41C980AE}"
EndProject
Global
	GlobalSection(SolutionConfigurationPlatforms) = preSolution
		Debug|Any CPU = Debug|Any CPU
		Release|Any CPU = Release|Any CPU
	EndGlobalSection
	GlobalSection(ProjectConfigurationPlatforms) = postSolution
		{4F9DFE19-ADFF-46EF-8FF8-7BBC41C980AE}.Debug|Any CPU.ActiveCfg = Debug|Any CPU
		{4F9DFE19-ADFF-46EF-8FF8-7BBC41C980AE}.Debug|Any CPU.Build.0 = Debug|Any CPU
		{4F9DFE19-ADFF-46EF-8FF8-7BBC41C980AE}.Release|Any CPU.ActiveCfg = Release|Any CPU
		{4F9DFE19-ADFF-46EF-8FF8-7BBC41C980AE}.Release|Any CPU.Build.0 = Release|Any CPU
	EndGlobalSection
	GlobalSection(SolutionProperties) = preSolution
		HideSolutionNode = FALSE
	EndGlobalSection
	GlobalSection(ExtensibilityGlobals) = postSolution
		SolutionGuid = {0B984CBE-231D-4E8C-9945-6D53B8CF85EB}
	EndGlobalSection
EndGlobal
