
Microsoft Visual Studio Solution File, Format Version 12.00
# Visual Studio Version 17
VisualStudioVersion = 17.3.32825.248
MinimumVisualStudioVersion = 10.0.40219.1
Project("{FAE04EC0-301F-11D3-BF4B-00C04F79EFBC}") = "Teema2", "Teema2\Teema2.csproj", "{17496317-3CCF-4475-82D0-5C9B237EE41D}"
EndProject
Global
	GlobalSection(SolutionConfigurationPlatforms) = preSolution
		Debug|Any CPU = Debug|Any CPU
		Release|Any CPU = Release|Any CPU
	EndGlobalSection
	GlobalSection(ProjectConfigurationPlatforms) = postSolution
		{17496317-3CCF-4475-82D0-5C9B237EE41D}.Debug|Any CPU.ActiveCfg = Debug|Any CPU
		{17496317-3CCF-4475-82D0-5C9B237EE41D}.Debug|Any CPU.Build.0 = Debug|Any CPU
		{17496317-3CCF-4475-82D0-5C9B237EE41D}.Release|Any CPU.ActiveCfg = Release|Any CPU
		{17496317-3CCF-4475-82D0-5C9B237EE41D}.Release|Any CPU.Build.0 = Release|Any CPU
	EndGlobalSection
	GlobalSection(SolutionProperties) = preSolution
		HideSolutionNode = FALSE
	EndGlobalSection
	GlobalSection(ExtensibilityGlobals) = postSolution
		SolutionGuid = {F1C511D2-1AA4-460C-AE88-9FA08FEB6C45}
	EndGlobalSection
EndGlobal
