
Microsoft Visual Studio Solution File, Format Version 12.00
# Visual Studio Version 17
VisualStudioVersion = 17.3.32825.248
MinimumVisualStudioVersion = 10.0.40219.1
Project("{FAE04EC0-301F-11D3-BF4B-00C04F79EFBC}") = "olioprojekti1", "olioprojekti1\olioprojekti1.csproj", "{7FA28CB1-69CA-4BEE-9D26-198258C666AB}"
EndProject
Global
	GlobalSection(SolutionConfigurationPlatforms) = preSolution
		Debug|Any CPU = Debug|Any CPU
		Release|Any CPU = Release|Any CPU
	EndGlobalSection
	GlobalSection(ProjectConfigurationPlatforms) = postSolution
		{7FA28CB1-69CA-4BEE-9D26-198258C666AB}.Debug|Any CPU.ActiveCfg = Debug|Any CPU
		{7FA28CB1-69CA-4BEE-9D26-198258C666AB}.Debug|Any CPU.Build.0 = Debug|Any CPU
		{7FA28CB1-69CA-4BEE-9D26-198258C666AB}.Release|Any CPU.ActiveCfg = Release|Any CPU
		{7FA28CB1-69CA-4BEE-9D26-198258C666AB}.Release|Any CPU.Build.0 = Release|Any CPU
	EndGlobalSection
	GlobalSection(SolutionProperties) = preSolution
		HideSolutionNode = FALSE
	EndGlobalSection
	GlobalSection(ExtensibilityGlobals) = postSolution
		SolutionGuid = {ED2E52A9-72B3-46F2-AF31-552A3E590A2E}
	EndGlobalSection
EndGlobal
