
Microsoft Visual Studio Solution File, Format Version 12.00
# Visual Studio Version 17
VisualStudioVersion = 17.3.32825.248
MinimumVisualStudioVersion = 10.0.40219.1
Project("{FAE04EC0-301F-11D3-BF4B-00C04F79EFBC}") = "Ohjelmointi2_VKO2_Tehtävä3", "Ohjelmointi2_VKO2_Tehtävä3\Ohjelmointi2_VKO2_Tehtävä3.csproj", "{1C19953F-F74A-4D7A-8A3F-110AA4AEFC76}"
EndProject
Global
	GlobalSection(SolutionConfigurationPlatforms) = preSolution
		Debug|Any CPU = Debug|Any CPU
		Release|Any CPU = Release|Any CPU
	EndGlobalSection
	GlobalSection(ProjectConfigurationPlatforms) = postSolution
		{1C19953F-F74A-4D7A-8A3F-110AA4AEFC76}.Debug|Any CPU.ActiveCfg = Debug|Any CPU
		{1C19953F-F74A-4D7A-8A3F-110AA4AEFC76}.Debug|Any CPU.Build.0 = Debug|Any CPU
		{1C19953F-F74A-4D7A-8A3F-110AA4AEFC76}.Release|Any CPU.ActiveCfg = Release|Any CPU
		{1C19953F-F74A-4D7A-8A3F-110AA4AEFC76}.Release|Any CPU.Build.0 = Release|Any CPU
	EndGlobalSection
	GlobalSection(SolutionProperties) = preSolution
		HideSolutionNode = FALSE
	EndGlobalSection
	GlobalSection(ExtensibilityGlobals) = postSolution
		SolutionGuid = {B348CA9A-261F-4A4F-9DD8-0EB02BCC3432}
	EndGlobalSection
EndGlobal
